
Microsoft Visual Studio Solution File, Format Version 12.00
# Visual Studio Version 17
VisualStudioVersion = 17.2.32630.192
MinimumVisualStudioVersion = 10.0.40219.1
Project("{9A19103F-16F7-4668-BE54-9A1E7A4F7556}") = "IdleGameThread", "IdleGameThread.csproj", "{A31EB0CF-9EA5-4EFC-AD0A-CC3C80B9BB4C}"
EndProject
Global
	GlobalSection(SolutionConfigurationPlatforms) = preSolution
		Debug|Any CPU = Debug|Any CPU
		Release|Any CPU = Release|Any CPU
	EndGlobalSection
	GlobalSection(ProjectConfigurationPlatforms) = postSolution
		{A31EB0CF-9EA5-4EFC-AD0A-CC3C80B9BB4C}.Debug|Any CPU.ActiveCfg = Debug|Any CPU
		{A31EB0CF-9EA5-4EFC-AD0A-CC3C80B9BB4C}.Debug|Any CPU.Build.0 = Debug|Any CPU
		{A31EB0CF-9EA5-4EFC-AD0A-CC3C80B9BB4C}.Release|Any CPU.ActiveCfg = Release|Any CPU
		{A31EB0CF-9EA5-4EFC-AD0A-CC3C80B9BB4C}.Release|Any CPU.Build.0 = Release|Any CPU
	EndGlobalSection
	GlobalSection(SolutionProperties) = preSolution
		HideSolutionNode = FALSE
	EndGlobalSection
	GlobalSection(ExtensibilityGlobals) = postSolution
		SolutionGuid = {7C909F49-DF01-4A85-A92E-EA6B9478DBAB}
	EndGlobalSection
EndGlobal
